GEM
  remote: https://rubygems.org/
  specs:
    diff-lcs (1.6.2)
    knapsack (4.0.0)
      rake
    nio4r (2.7.5)
    ostruct (0.6.3)
    puma (8.0.2)
      nio4r (~> 2.0)
    rake (13.4.2)
    rspec (3.13.2)
      rspec-core (~> 3.13.0)
      rspec-expectations (~> 3.13.0)
      rspec-mocks (~> 3.13.0)
    rspec-core (3.13.6)
      rspec-support (~> 3.13.0)
    rspec-expectations (3.13.5)
      diff-lcs (>= 1.2.0, < 2.0)
      rspec-support (~> 3.13.0)
    rspec-mocks (3.13.8)
      diff-lcs (>= 1.2.0, < 2.0)
      rspec-support (~> 3.13.0)
    rspec-support (3.13.7)

PLATFORMS
  ruby

DEPENDENCIES
  knapsack
  ostruct
  puma
  rspec

BUNDLED WITH
   2.6.9
